// !$*UTF8*$!
{
	archiveVersion = 1;
	classes = {
	};
	objectVersion = 46;
	objects = {

/* Begin PBXBuildFile section */
		74D9081519639BBA008A7982 /* main.swift in Sources */ = {isa = PBXBuildFile; fileRef = 74D9081419639BBA008A7982 /* main.swift */; };
		74D9081719639BBB008A7982 /* Document.swift in Sources */ = {isa = PBXBuildFile; fileRef = 74D9081619639BBB008A7982 /* Document.swift */; };
		74D9081A19639BBB008A7982 /* Document.xib in Resources */ = {isa = PBXBuildFile; fileRef = 74D9081819639BBB008A7982 /* Document.xib */; };
		74D9081D19639BBB008A7982 /* Document.xcdatamodeld in Sources */ = {isa = PBXBuildFile; fileRef = 74D9081B19639BBB008A7982 /* Document.xcdatamodeld */; };
		74D9081F19639BBB008A7982 /* Images.xcassets in Resources */ = {isa = PBXBuildFile; fileRef = 74D9081E19639BBB008A7982 /* Images.xcassets */; };
		74D9082219639BBB008A7982 /* MainMenu.xib in Resources */ = {isa = PBXBuildFile; fileRef = 74D9082019639BBB008A7982 /* MainMenu.xib */; };
		74D9082E19639BBB008A7982 /* CaturlogTests.swift in Sources */ = {isa = PBXBuildFile; fileRef = 74D9082D19639BBB008A7982 /* CaturlogTests.swift */; };
/* End PBXBuildFile section */

/* Begin PBXContainerItemProxy section */
		74D9082819639BBB008A7982 /* PBXContainerItemProxy */ = {
			isa = PBXContainerItemProxy;
			containerPortal = 74D9080719639BBA008A7982 /* Project object */;
			proxyType = 1;
			remoteGlobalIDString = 74D9080E19639BBA008A7982;
			remoteInfo = Caturlog;
		};
/* End PBXContainerItemProxy section */

/* Begin PBXFileReference section */
		74D9080F19639BBA008A7982 /* Caturlog.app */ = {isa = PBXFileReference; explicitFileType = wrapper.application; includeInIndex = 0; path = Caturlog.app; sourceTree = BUILT_PRODUCTS_DIR; };
		74D9081319639BBA008A7982 /* Info.plist */ = {isa = PBXFileReference; lastKnownFileType = text.plist.xml; path = Info.plist; sourceTree = "<group>"; };
		74D9081419639BBA008A7982 /* main.swift */ = {isa = PBXFileReference; lastKnownFileType = sourcecode.swift; path = main.swift; sourceTree = "<group>"; };
		74D9081619639BBB008A7982 /* Document.swift */ = {isa = PBXFileReference; lastKnownFileType = sourcecode.swift; path = Document.swift; sourceTree = "<group>"; };
		74D9081919639BBB008A7982 /* Base */ = {isa = PBXFileReference; lastKnownFileType = file.xib; name = Base; path = Base.lproj/Document.xib; sourceTree = "<group>"; };
		74D9081C19639BBB008A7982 /* Document.xcdatamodel */ = {isa = PBXFileReference; lastKnownFileType = wrapper.xcdatamodel; path = Document.xcdatamodel; sourceTree = "<group>"; };
		74D9081E19639BBB008A7982 /* Images.xcassets */ = {isa = PBXFileReference; lastKnownFileType = folder.assetcatalog; path = Images.xcassets; sourceTree = "<group>"; };
		74D9082119639BBB008A7982 /* Base */ = {isa = PBXFileReference; lastKnownFileType = file.xib; name = Base; path = Base.lproj/MainMenu.xib; sourceTree = "<group>"; };
		74D9082719639BBB008A7982 /* CaturlogTests.xctest */ = {isa = PBXFileReference; explicitFileType = wrapper.cfbundle; includeInIndex = 0; path = CaturlogTests.xctest; sourceTree = BUILT_PRODUCTS_DIR; };
		74D9082C19639BBB008A7982 /* Info.plist */ = {isa = PBXFileReference; lastKnownFileType = text.plist.xml; path = Info.plist; sourceTree = "<group>"; };
		74D9082D19639BBB008A7982 /* CaturlogTests.swift */ = {isa = PBXFileReference; lastKnownFileType = sourcecode.swift; path = CaturlogTests.swift; sourceTree = "<group>"; };
/* End PBXFileReference section */

/* Begin PBXFrameworksBuildPhase section */
		74D9080C19639BBA008A7982 /* Frameworks */ = {
			isa = PBXFrameworksBuildPhase;
			buildActionMask = 2147483647;
			files = (
			);
			runOnlyForDeploymentPostprocessing = 0;
		};
		74D9082419639BBB008A7982 /* Frameworks */ = {
			isa = PBXFrameworksBuildPhase;
			buildActionMask = 2147483647;
			files = (
			);
			runOnlyForDeploymentPostprocessing = 0;
		};
/* End PBXFrameworksBuildPhase section */

/* Begin PBXGroup section */
		74D9080619639BBA008A7982 = {
			isa = PBXGroup;
			children = (
				74D9081119639BBA008A7982 /* Caturlog */,
				74D9082A19639BBB008A7982 /* CaturlogTests */,
				74D9081019639BBA008A7982 /* Products */,
			);
			sourceTree = "<group>";
		};
		74D9081019639BBA008A7982 /* Products */ = {
			isa = PBXGroup;
			children = (
				74D9080F19639BBA008A7982 /* Caturlog.app */,
				74D9082719639BBB008A7982 /* CaturlogTests.xctest */,
			);
			name = Products;
			sourceTree = "<group>";
		};
		74D9081119639BBA008A7982 /* Caturlog */ = {
			isa = PBXGroup;
			children = (
				74D9081619639BBB008A7982 /* Document.swift */,
				74D9081819639BBB008A7982 /* Document.xib */,
				74D9081E19639BBB008A7982 /* Images.xcassets */,
				74D9082019639BBB008A7982 /* MainMenu.xib */,
				74D9081B19639BBB008A7982 /* Document.xcdatamodeld */,
				74D9081219639BBA008A7982 /* Supporting Files */,
			);
			path = Caturlog;
			sourceTree = "<group>";
		};
		74D9081219639BBA008A7982 /* Supporting Files */ = {
			isa = PBXGroup;
			children = (
				74D9081319639BBA008A7982 /* Info.plist */,
				74D9081419639BBA008A7982 /* main.swift */,
			);
			name = "Supporting Files";
			sourceTree = "<group>";
		};
		74D9082A19639BBB008A7982 /* CaturlogTests */ = {
			isa = PBXGroup;
			children = (
				74D9082D19639BBB008A7982 /* CaturlogTests.swift */,
				74D9082B19639BBB008A7982 /* Supporting Files */,
			);
			path = CaturlogTests;
			sourceTree = "<group>";
		};
		74D9082B19639BBB008A7982 /* Supporting Files */ = {
			isa = PBXGroup;
			children = (
				74D9082C19639BBB008A7982 /* Info.plist */,
			);
			name = "Supporting Files";
			sourceTree = "<group>";
		};
/* End PBXGroup section */

/* Begin PBXNativeTarget section */
		74D9080E19639BBA008A7982 /* Caturlog */ = {
			isa = PBXNativeTarget;
			buildConfigurationList = 74D9083119639BBB008A7982 /* Build configuration list for PBXNativeTarget "Caturlog" */;
			buildPhases = (
				74D9080B19639BBA008A7982 /* Sources */,
				74D9080C19639BBA008A7982 /* Frameworks */,
				74D9080D19639BBA008A7982 /* Resources */,
			);
			buildRules = (
			);
			dependencies = (
			);
			name = Caturlog;
			productName = Caturlog;
			productReference = 74D9080F19639BBA008A7982 /* Caturlog.app */;
			productType = "com.apple.product-type.application";
		};
		74D9082619639BBB008A7982 /* CaturlogTests */ = {
			isa = PBXNativeTarget;
			buildConfigurationList = 74D9083419639BBB008A7982 /* Build configuration list for PBXNativeTarget "CaturlogTests" */;
			buildPhases = (
				74D9082319639BBB008A7982 /* Sources */,
				74D9082419639BBB008A7982 /* Frameworks */,
				74D9082519639BBB008A7982 /* Resources */,
			);
			buildRules = (
			);
			dependencies = (
				74D9082919639BBB008A7982 /* PBXTargetDependency */,
			);
			name = CaturlogTests;
			productName = CaturlogTests;
			productReference = 74D9082719639BBB008A7982 /* CaturlogTests.xctest */;
			productType = "com.apple.product-type.bundle.unit-test";
		};
/* End PBXNativeTarget section */

/* Begin PBXProject section */
		74D9080719639BBA008A7982 /* Project object */ = {
			isa = PBXProject;
			attributes = {
				LastUpgradeCheck = 0600;
				ORGANIZATIONNAME = "Jonathon Rubin";
				TargetAttributes = {
					74D9080E19639BBA008A7982 = {
						CreatedOnToolsVersion = 6.0;
					};
					74D9082619639BBB008A7982 = {
						CreatedOnToolsVersion = 6.0;
						TestTargetID = 74D9080E19639BBA008A7982;
					};
				};
			};
			buildConfigurationList = 74D9080A19639BBA008A7982 /* Build configuration list for PBXProject "Caturlog" */;
			compatibilityVersion = "Xcode 3.2";
			developmentRegion = English;
			hasScannedForEncodings = 0;
			knownRegions = (
				en,
				Base,
			);
			mainGroup = 74D9080619639BBA008A7982;
			productRefGroup = 74D9081019639BBA008A7982 /* Products */;
			projectDirPath = "";
			projectRoot = "";
			targets = (
				74D9080E19639BBA008A7982 /* Caturlog */,
				74D9082619639BBB008A7982 /* CaturlogTests */,
			);
		};
/* End PBXProject section */

/* Begin PBXResourcesBuildPhase section */
		74D9080D19639BBA008A7982 /* Resources */ = {
			isa = PBXResourcesBuildPhase;
			buildActionMask = 2147483647;
			files = (
				74D9081A19639BBB008A7982 /* Document.xib in Resources */,
				74D9081F19639BBB008A7982 /* Images.xcassets in Resources */,
				74D9082219639BBB008A7982 /* MainMenu.xib in Resources */,
			);
			runOnlyForDeploymentPostprocessing = 0;
		};
		74D9082519639BBB008A7982 /* Resources */ = {
			isa = PBXResourcesBuildPhase;
			buildActionMask = 2147483647;
			files = (
			);
			runOnlyForDeploymentPostprocessing = 0;
		};
/* End PBXResourcesBuildPhase section */

/* Begin PBXSourcesBuildPhase section */
		74D9080B19639BBA008A7982 /* Sources */ = {
			isa = PBXSourcesBuildPhase;
			buildActionMask = 2147483647;
			files = (
				74D9081D19639BBB008A7982 /* Document.xcdatamodeld in Sources */,
				74D9081719639BBB008A7982 /* Document.swift in Sources */,
				74D9081519639BBA008A7982 /* main.swift in Sources */,
			);
			runOnlyForDeploymentPostprocessing = 0;
		};
		74D9082319639BBB008A7982 /* Sources */ = {
			isa = PBXSourcesBuildPhase;
			buildActionMask = 2147483647;
			files = (
				74D9082E19639BBB008A7982 /* CaturlogTests.swift in Sources */,
			);
			runOnlyForDeploymentPostprocessing = 0;
		};
/* End PBXSourcesBuildPhase section */

/* Begin PBXTargetDependency section */
		74D9082919639BBB008A7982 /* PBXTargetDependency */ = {
			isa = PBXTargetDependency;
			target = 74D9080E19639BBA008A7982 /* Caturlog */;
			targetProxy = 74D9082819639BBB008A7982 /* PBXContainerItemProxy */;
		};
/* End PBXTargetDependency section */

/* Begin PBXVariantGroup section */
		74D9081819639BBB008A7982 /* Document.xib */ = {
			isa = PBXVariantGroup;
			children = (
				74D9081919639BBB008A7982 /* Base */,
			);
			name = Document.xib;
			sourceTree = "<group>";
		};
		74D9082019639BBB008A7982 /* MainMenu.xib */ = {
			isa = PBXVariantGroup;
			children = (
				74D9082119639BBB008A7982 /* Base */,
			);
			name = MainMenu.xib;
			sourceTree = "<group>";
		};
/* End PBXVariantGroup section */

/* Begin XCBuildConfiguration section */
		74D9082F19639BBB008A7982 /* Debug */ = {
			isa = XCBuildConfiguration;
			buildSettings = {
				ALWAYS_SEARCH_USER_PATHS = NO;
				CLANG_CXX_LANGUAGE_STANDARD = "gnu++0x";
				CLANG_CXX_LIBRARY = "libc++";
				CLANG_ENABLE_MODULES = YES;
				CLANG_ENABLE_OBJC_ARC = YES;
				CLANG_WARN_BOOL_CONVERSION = YES;
				CLANG_WARN_CONSTANT_CONVERSION = YES;
				CLANG_WARN_DIRECT_OBJC_ISA_USAGE = YES_ERROR;
				CLANG_WARN_EMPTY_BODY = YES;
				CLANG_WARN_ENUM_CONVERSION = YES;
				CLANG_WARN_INT_CONVERSION = YES;
				CLANG_WARN_OBJC_ROOT_CLASS = YES_ERROR;
				CLANG_WARN_UNREACHABLE_CODE = YES;
				CLANG_WARN__DUPLICATE_METHOD_MATCH = YES;
				CODE_SIGN_IDENTITY = "-";
				COPY_PHASE_STRIP = NO;
				ENABLE_STRICT_OBJC_MSGSEND = YES;
				GCC_C_LANGUAGE_STANDARD = gnu99;
				GCC_DYNAMIC_NO_PIC = NO;
				GCC_OPTIMIZATION_LEVEL = 0;
				GCC_PREPROCESSOR_DEFINITIONS = (
					"DEBUG=1",
					"$(inherited)",
				);
				GCC_SYMBOLS_PRIVATE_EXTERN = NO;
				GCC_WARN_64_TO_32_BIT_CONVERSION = YES;
				GCC_WARN_ABOUT_RETURN_TYPE = YES_ERROR;
				GCC_WARN_UNDECLARED_SELECTOR = YES;
				GCC_WARN_UNINITIALIZED_AUTOS = YES_AGGRESSIVE;
				GCC_WARN_UNUSED_FUNCTION = YES;
				GCC_WARN_UNUSED_VARIABLE = YES;
				MACOSX_DEPLOYMENT_TARGET = 10.9;
				METAL_ENABLE_DEBUG_INFO = YES;
				ONLY_ACTIVE_ARCH = YES;
				SDKROOT = macosx;
				SWIFT_OPTIMIZATION_LEVEL = "-Onone";
			};
			name = Debug;
		};
		74D9083019639BBB008A7982 /* Release */ = {
			isa = XCBuildConfiguration;
			buildSettings = {
				ALWAYS_SEARCH_USER_PATHS = NO;
				CLANG_CXX_LANGUAGE_STANDARD = "gnu++0x";
				CLANG_CXX_LIBRARY = "libc++";
				CLANG_ENABLE_MODULES = YES;
				CLANG_ENABLE_OBJC_ARC = YES;
				CLANG_WARN_BOOL_CONVERSION = YES;
				CLANG_WARN_CONSTANT_CONVERSION = YES;
				CLANG_WARN_DIRECT_OBJC_ISA_USAGE = YES_ERROR;
				CLANG_WARN_EMPTY_BODY = YES;
				CLANG_WARN_ENUM_CONVERSION = YES;
				CLANG_WARN_INT_CONVERSION = YES;
				CLANG_WARN_OBJC_ROOT_CLASS = YES_ERROR;
				CLANG_WARN_UNREACHABLE_CODE = YES;
				CLANG_WARN__DUPLICATE_METHOD_MATCH = YES;
				CODE_SIGN_IDENTITY = "-";
				COPY_PHASE_STRIP = YES;
				DEBUG_INFORMATION_FORMAT = "dwarf-with-dsym";
				ENABLE_NS_ASSERTIONS = NO;
				ENABLE_STRICT_OBJC_MSGSEND = YES;
				GCC_C_LANGUAGE_STANDARD = gnu99;
				GCC_WARN_64_TO_32_BIT_CONVERSION = YES;
				GCC_WARN_ABOUT_RETURN_TYPE = YES_ERROR;
				GCC_WARN_UNDECLARED_SELECTOR = YES;
				GCC_WARN_UNINITIALIZED_AUTOS = YES_AGGRESSIVE;
				GCC_WARN_UNUSED_FUNCTION = YES;
				GCC_WARN_UNUSED_VARIABLE = YES;
				MACOSX_DEPLOYMENT_TARGET = 10.9;
				METAL_ENABLE_DEBUG_INFO = NO;
				SDKROOT = macosx;
			};
			name = Release;
		};
		74D9083219639BBB008A7982 /* Debug */ = {
			isa = XCBuildConfiguration;
			buildSettings = {
				ASSETCATALOG_COMPILER_APPICON_NAME = AppIcon;
				COMBINE_HIDPI_IMAGES = YES;
				INFOPLIST_FILE = Caturlog/Info.plist;
				LD_RUNPATH_SEARCH_PATHS = "$(inherited) @executable_path/../Frameworks";
				PRODUCT_NAME = "$(TARGET_NAME)";
			};
			name = Debug;
		};
		74D9083319639BBB008A7982 /* Release */ = {
			isa = XCBuildConfiguration;
			buildSettings = {
				ASSETCATALOG_COMPILER_APPICON_NAME = AppIcon;
				COMBINE_HIDPI_IMAGES = YES;
				INFOPLIST_FILE = Caturlog/Info.plist;
				LD_RUNPATH_SEARCH_PATHS = "$(inherited) @executable_path/../Frameworks";
				PRODUCT_NAME = "$(TARGET_NAME)";
			};
			name = Release;
		};
		74D9083519639BBB008A7982 /* Debug */ = {
			isa = XCBuildConfiguration;
			buildSettings = {
				BUNDLE_LOADER = "$(BUILT_PRODUCTS_DIR)/Caturlog.app/Contents/MacOS/Caturlog";
				COMBINE_HIDPI_IMAGES = YES;
				FRAMEWORK_SEARCH_PATHS = (
					"$(DEVELOPER_FRAMEWORKS_DIR)",
					"$(inherited)",
				);
				GCC_PREPROCESSOR_DEFINITIONS = (
					"DEBUG=1",
					"$(inherited)",
				);
				INFOPLIST_FILE = CaturlogTests/Info.plist;
				LD_RUNPATH_SEARCH_PATHS = "$(inherited) @executable_path/../Frameworks @loader_path/../Frameworks";
				METAL_ENABLE_DEBUG_INFO = YES;
				PRODUCT_NAME = "$(TARGET_NAME)";
				TEST_HOST = "$(BUNDLE_LOADER)";
			};
			name = Debug;
		};
		74D9083619639BBB008A7982 /* Release */ = {
			isa = XCBuildConfiguration;
			buildSettings = {
				BUNDLE_LOADER = "$(BUILT_PRODUCTS_DIR)/Caturlog.app/Contents/MacOS/Caturlog";
				COMBINE_HIDPI_IMAGES = YES;
				FRAMEWORK_SEARCH_PATHS = (
					"$(DEVELOPER_FRAMEWORKS_DIR)",
					"$(inherited)",
				);
				INFOPLIST_FILE = CaturlogTests/Info.plist;
				LD_RUNPATH_SEARCH_PATHS = "$(inherited) @executable_path/../Frameworks @loader_path/../Frameworks";
				METAL_ENABLE_DEBUG_INFO = NO;
				PRODUCT_NAME = "$(TARGET_NAME)";
				TEST_HOST = "$(BUNDLE_LOADER)";
			};
			name = Release;
		};
/* End XCBuildConfiguration section */

/* Begin XCConfigurationList section */
		74D9080A19639BBA008A7982 /* Build configuration list for PBXProject "Caturlog" */ = {
			isa = XCConfigurationList;
			buildConfigurations = (
				74D9082F19639BBB008A7982 /* Debug */,
				74D9083019639BBB008A7982 /* Release */,
			);
			defaultConfigurationIsVisible = 0;
			defaultConfigurationName = Release;
		};
		74D9083119639BBB008A7982 /* Build configuration list for PBXNativeTarget "Caturlog" */ = {
			isa = XCConfigurationList;
			buildConfigurations = (
				74D9083219639BBB008A7982 /* Debug */,
				74D9083319639BBB008A7982 /* Release */,
			);
			defaultConfigurationIsVisible = 0;
		};
		74D9083419639BBB008A7982 /* Build configuration list for PBXNativeTarget "CaturlogTests" */ = {
			isa = XCConfigurationList;
			buildConfigurations = (
				74D9083519639BBB008A7982 /* Debug */,
				74D9083619639BBB008A7982 /* Release */,
			);
			defaultConfigurationIsVisible = 0;
		};
/* End XCConfigurationList section */

/* Begin XCVersionGroup section */
		74D9081B19639BBB008A7982 /* Document.xcdatamodeld */ = {
			isa = XCVersionGroup;
			children = (
				74D9081C19639BBB008A7982 /* Document.xcdatamodel */,
			);
			currentVersion = 74D9081C19639BBB008A7982 /* Document.xcdatamodel */;
			path = Document.xcdatamodeld;
			sourceTree = "<group>";
			versionGroupType = wrapper.xcdatamodel;
		};
/* End XCVersionGroup section */
	};
	rootObject = 74D9080719639BBA008A7982 /* Project object */;
}
